// !$*UTF8*$!
{
	archiveVersion = 1;
	classes = {
	};
	objectVersion = 56;
	objects = {

/* Begin PBXBuildFile section */
		2D53CD482A4A036100971372 /* AppDelegate.swift in Sources */ = {isa = PBXBuildFile; fileRef = 2D53CD472A4A036100971372 /* AppDelegate.swift */; };
		2D53CD4A2A4A036100971372 /* ContentView.swift in Sources */ = {isa = PBXBuildFile; fileRef = 2D53CD492A4A036100971372 /* ContentView.swift */; };
		2D53CD4E2A4A036200971372 /* Assets.xcassets in Resources */ = {isa = PBXBuildFile; fileRef = 2D53CD4D2A4A036200971372 /* Assets.xcassets */; };
		2D53CD512A4A036200971372 /* Preview Assets.xcassets in Resources */ = {isa = PBXBuildFile; fileRef = 2D53CD502A4A036200971372 /* Preview Assets.xcassets */; };
		2D53CD592A4A03E600971372 /* cube1.usdc in Resources */ = {isa = PBXBuildFile; fileRef = 2D53CD572A4A03E500971372 /* cube1.usdc */; };
		2D53CD5A2A4A03E600971372 /* cube2.usdc in Resources */ = {isa = PBXBuildFile; fileRef = 2D53CD582A4A03E600971372 /* cube2.usdc */; };
		2D53CD5C2A4A04A000971372 /* ARSessionStore.swift in Sources */ = {isa = PBXBuildFile; fileRef = 2D53CD5B2A4A04A000971372 /* ARSessionStore.swift */; };
		2D53CD5E2A4A168900971372 /* CubeModel.swift in Sources */ = {isa = PBXBuildFile; fileRef = 2D53CD5D2A4A168900971372 /* CubeModel.swift */; };
		2D53CD602A4B60DF00971372 /* PlaneModel.swift in Sources */ = {isa = PBXBuildFile; fileRef = 2D53CD5F2A4B60DF00971372 /* PlaneModel.swift */; };
		2D53CD672A4B614900971372 /* ARModelBase.swift in Sources */ = {isa = PBXBuildFile; fileRef = 2D53CD662A4B614900971372 /* ARModelBase.swift */; };
		2D53CD692A4C2CDF00971372 /* ResourceLoader.swift in Sources */ = {isa = PBXBuildFile; fileRef = 2D53CD682A4C2CDF00971372 /* ResourceLoader.swift */; };
		2D53CD6D2A4C8AAC00971372 /* ARSessionControl.swift in Sources */ = {isa = PBXBuildFile; fileRef = 2D53CD6C2A4C8AAC00971372 /* ARSessionControl.swift */; };
/* End PBXBuildFile section */

/* Begin PBXFileReference section */
		2D53CD442A4A036100971372 /* ResolutionGamesAssignment.app */ = {isa = PBXFileReference; explicitFileType = wrapper.application; includeInIndex = 0; path = ResolutionGamesAssignment.app; sourceTree = BUILT_PRODUCTS_DIR; };
		2D53CD472A4A036100971372 /* AppDelegate.swift */ = {isa = PBXFileReference; lastKnownFileType = sourcecode.swift; path = AppDelegate.swift; sourceTree = "<group>"; };
		2D53CD492A4A036100971372 /* ContentView.swift */ = {isa = PBXFileReference; lastKnownFileType = sourcecode.swift; path = ContentView.swift; sourceTree = "<group>"; };
		2D53CD4D2A4A036200971372 /* Assets.xcassets */ = {isa = PBXFileReference; lastKnownFileType = folder.assetcatalog; path = Assets.xcassets; sourceTree = "<group>"; };
		2D53CD502A4A036200971372 /* Preview Assets.xcassets */ = {isa = PBXFileReference; lastKnownFileType = folder.assetcatalog; path = "Preview Assets.xcassets"; sourceTree = "<group>"; };
		2D53CD572A4A03E500971372 /* cube1.usdc */ = {isa = PBXFileReference; lastKnownFileType = file; path = cube1.usdc; sourceTree = "<group>"; };
		2D53CD582A4A03E600971372 /* cube2.usdc */ = {isa = PBXFileReference; lastKnownFileType = file; path = cube2.usdc; sourceTree = "<group>"; };
		2D53CD5B2A4A04A000971372 /* ARSessionStore.swift */ = {isa = PBXFileReference; lastKnownFileType = sourcecode.swift; path = ARSessionStore.swift; sourceTree = "<group>"; };
		2D53CD5D2A4A168900971372 /* CubeModel.swift */ = {isa = PBXFileReference; lastKnownFileType = sourcecode.swift; path = CubeModel.swift; sourceTree = "<group>"; };
		2D53CD5F2A4B60DF00971372 /* PlaneModel.swift */ = {isa = PBXFileReference; lastKnownFileType = sourcecode.swift; path = PlaneModel.swift; sourceTree = "<group>"; };
		2D53CD662A4B614900971372 /* ARModelBase.swift */ = {isa = PBXFileReference; lastKnownFileType = sourcecode.swift; path = ARModelBase.swift; sourceTree = "<group>"; };
		2D53CD682A4C2CDF00971372 /* ResourceLoader.swift */ = {isa = PBXFileReference; lastKnownFileType = sourcecode.swift; path = ResourceLoader.swift; sourceTree = "<group>"; };
		2D53CD6C2A4C8AAC00971372 /* ARSessionControl.swift */ = {isa = PBXFileReference; lastKnownFileType = sourcecode.swift; path = ARSessionControl.swift; sourceTree = "<group>"; };
/* End PBXFileReference section */

/* Begin PBXFrameworksBuildPhase section */
		2D53CD412A4A036100971372 /* Frameworks */ = {
			isa = PBXFrameworksBuildPhase;
			buildActionMask = 2147483647;
			files = (
			);
			runOnlyForDeploymentPostprocessing = 0;
		};
/* End PBXFrameworksBuildPhase section */

/* Begin PBXGroup section */
		2D53CD3B2A4A036100971372 = {
			isa = PBXGroup;
			children = (
				2D53CD462A4A036100971372 /* ResolutionGamesAssignment */,
				2D53CD452A4A036100971372 /* Products */,
			);
			sourceTree = "<group>";
		};
		2D53CD452A4A036100971372 /* Products */ = {
			isa = PBXGroup;
			children = (
				2D53CD442A4A036100971372 /* ResolutionGamesAssignment.app */,
			);
			name = Products;
			sourceTree = "<group>";
		};
		2D53CD462A4A036100971372 /* ResolutionGamesAssignment */ = {
			isa = PBXGroup;
			children = (
				2D53CD6B2A4C452500971372 /* Resources */,
				2D53CD6E2A4C96BD00971372 /* ARSession */,
				2D53CD612A4B60E700971372 /* Models */,
				2D53CD472A4A036100971372 /* AppDelegate.swift */,
				2D53CD492A4A036100971372 /* ContentView.swift */,
				2D53CD4D2A4A036200971372 /* Assets.xcassets */,
				2D53CD4F2A4A036200971372 /* Preview Content */,
			);
			path = ResolutionGamesAssignment;
			sourceTree = "<group>";
		};
		2D53CD4F2A4A036200971372 /* Preview Content */ = {
			isa = PBXGroup;
			children = (
				2D53CD502A4A036200971372 /* Preview Assets.xcassets */,
			);
			path = "Preview Content";
			sourceTree = "<group>";
		};
		2D53CD612A4B60E700971372 /* Models */ = {
			isa = PBXGroup;
			children = (
				2D53CD5F2A4B60DF00971372 /* PlaneModel.swift */,
				2D53CD5D2A4A168900971372 /* CubeModel.swift */,
				2D53CD662A4B614900971372 /* ARModelBase.swift */,
			);
			path = Models;
			sourceTree = "<group>";
		};
		2D53CD6B2A4C452500971372 /* Resources */ = {
			isa = PBXGroup;
			children = (
				2D53CD582A4A03E600971372 /* cube2.usdc */,
				2D53CD572A4A03E500971372 /* cube1.usdc */,
				2D53CD682A4C2CDF00971372 /* ResourceLoader.swift */,
			);
			path = Resources;
			sourceTree = "<group>";
		};
		2D53CD6E2A4C96BD00971372 /* ARSession */ = {
			isa = PBXGroup;
			children = (
				2D53CD5B2A4A04A000971372 /* ARSessionStore.swift */,
				2D53CD6C2A4C8AAC00971372 /* ARSessionControl.swift */,
			);
			path = ARSession;
			sourceTree = "<group>";
		};
/* End PBXGroup section */

/* Begin PBXNativeTarget section */
		2D53CD432A4A036100971372 /* ResolutionGamesAssignment */ = {
			isa = PBXNativeTarget;
			buildConfigurationList = 2D53CD542A4A036200971372 /* Build configuration list for PBXNativeTarget "ResolutionGamesAssignment" */;
			buildPhases = (
				2D53CD402A4A036100971372 /* Sources */,
				2D53CD412A4A036100971372 /* Frameworks */,
				2D53CD422A4A036100971372 /* Resources */,
			);
			buildRules = (
			);
			dependencies = (
			);
			name = ResolutionGamesAssignment;
			productName = ResolutionGamesAssignment;
			productReference = 2D53CD442A4A036100971372 /* ResolutionGamesAssignment.app */;
			productType = "com.apple.product-type.application";
		};
/* End PBXNativeTarget section */

/* Begin PBXProject section */
		2D53CD3C2A4A036100971372 /* Project object */ = {
			isa = PBXProject;
			attributes = {
				BuildIndependentTargetsInParallel = 1;
				LastSwiftUpdateCheck = 1430;
				LastUpgradeCheck = 1430;
				TargetAttributes = {
					2D53CD432A4A036100971372 = {
						CreatedOnToolsVersion = 14.3.1;
					};
				};
			};
			buildConfigurationList = 2D53CD3F2A4A036100971372 /* Build configuration list for PBXProject "ResolutionGamesAssignment" */;
			compatibilityVersion = "Xcode 14.0";
			developmentRegion = en;
			hasScannedForEncodings = 0;
			knownRegions = (
				en,
				Base,
			);
			mainGroup = 2D53CD3B2A4A036100971372;
			productRefGroup = 2D53CD452A4A036100971372 /* Products */;
			projectDirPath = "";
			projectRoot = "";
			targets = (
				2D53CD432A4A036100971372 /* ResolutionGamesAssignment */,
			);
		};
/* End PBXProject section */

/* Begin PBXResourcesBuildPhase section */
		2D53CD422A4A036100971372 /* Resources */ = {
			isa = PBXResourcesBuildPhase;
			buildActionMask = 2147483647;
			files = (
				2D53CD5A2A4A03E600971372 /* cube2.usdc in Resources */,
				2D53CD512A4A036200971372 /* Preview Assets.xcassets in Resources */,
				2D53CD592A4A03E600971372 /* cube1.usdc in Resources */,
				2D53CD4E2A4A036200971372 /* Assets.xcassets in Resources */,
			);
			runOnlyForDeploymentPostprocessing = 0;
		};
/* End PBXResourcesBuildPhase section */

/* Begin PBXSourcesBuildPhase section */
		2D53CD402A4A036100971372 /* Sources */ = {
			isa = PBXSourcesBuildPhase;
			buildActionMask = 2147483647;
			files = (
				2D53CD602A4B60DF00971372 /* PlaneModel.swift in Sources */,
				2D53CD5E2A4A168900971372 /* CubeModel.swift in Sources */,
				2D53CD4A2A4A036100971372 /* ContentView.swift in Sources */,
				2D53CD482A4A036100971372 /* AppDelegate.swift in Sources */,
				2D53CD6D2A4C8AAC00971372 /* ARSessionControl.swift in Sources */,
				2D53CD672A4B614900971372 /* ARModelBase.swift in Sources */,
				2D53CD692A4C2CDF00971372 /* ResourceLoader.swift in Sources */,
				2D53CD5C2A4A04A000971372 /* ARSessionStore.swift in Sources */,
			);
			runOnlyForDeploymentPostprocessing = 0;
		};
/* End PBXSourcesBuildPhase section */

/* Begin XCBuildConfiguration section */
		2D53CD522A4A036200971372 /* Debug */ = {
			isa = XCBuildConfiguration;
			buildSettings = {
				ALWAYS_SEARCH_USER_PATHS = NO;
				CLANG_ANALYZER_NONNULL = YES;
				CLANG_ANALYZER_NUMBER_OBJECT_CONVERSION = YES_AGGRESSIVE;
				CLANG_CXX_LANGUAGE_STANDARD = "gnu++20";
				CLANG_ENABLE_MODULES = YES;
				CLANG_ENABLE_OBJC_ARC = YES;
				CLANG_ENABLE_OBJC_WEAK = YES;
				CLANG_WARN_BLOCK_CAPTURE_AUTORELEASING = YES;
				CLANG_WARN_BOOL_CONVERSION = YES;
				CLANG_WARN_COMMA = YES;
				CLANG_WARN_CONSTANT_CONVERSION = YES;
				CLANG_WARN_DEPRECATED_OBJC_IMPLEMENTATIONS = YES;
				CLANG_WARN_DIRECT_OBJC_ISA_USAGE = YES_ERROR;
				CLANG_WARN_DOCUMENTATION_COMMENTS = YES;
				CLANG_WARN_EMPTY_BODY = YES;
				CLANG_WARN_ENUM_CONVERSION = YES;
				CLANG_WARN_INFINITE_RECURSION = YES;
				CLANG_WARN_INT_CONVERSION = YES;
				CLANG_WARN_NON_LITERAL_NULL_CONVERSION = YES;
				CLANG_WARN_OBJC_IMPLICIT_RETAIN_SELF = YES;
				CLANG_WARN_OBJC_LITERAL_CONVERSION = YES;
				CLANG_WARN_OBJC_ROOT_CLASS = YES_ERROR;
				CLANG_WARN_QUOTED_INCLUDE_IN_FRAMEWORK_HEADER = YES;
				CLANG_WARN_RANGE_LOOP_ANALYSIS = YES;
				CLANG_WARN_STRICT_PROTOTYPES = YES;
				CLANG_WARN_SUSPICIOUS_MOVE = YES;
				CLANG_WARN_UNGUARDED_AVAILABILITY = YES_AGGRESSIVE;
				CLANG_WARN_UNREACHABLE_CODE = YES;
				CLANG_WARN__DUPLICATE_METHOD_MATCH = YES;
				COPY_PHASE_STRIP = NO;
				DEBUG_INFORMATION_FORMAT = dwarf;
				ENABLE_STRICT_OBJC_MSGSEND = YES;
				ENABLE_TESTABILITY = YES;
				GCC_C_LANGUAGE_STANDARD = gnu11;
				GCC_DYNAMIC_NO_PIC = NO;
				GCC_NO_COMMON_BLOCKS = YES;
				GCC_OPTIMIZATION_LEVEL = 0;
				GCC_PREPROCESSOR_DEFINITIONS = (
					"DEBUG=1",
					"$(inherited)",
				);
				GCC_WARN_64_TO_32_BIT_CONVERSION = YES;
				GCC_WARN_ABOUT_RETURN_TYPE = YES_ERROR;
				GCC_WARN_UNDECLARED_SELECTOR = YES;
				GCC_WARN_UNINITIALIZED_AUTOS = YES_AGGRESSIVE;
				GCC_WARN_UNUSED_FUNCTION = YES;
				GCC_WARN_UNUSED_VARIABLE = YES;
				IPHONEOS_DEPLOYMENT_TARGET = 16.4;
				MTL_ENABLE_DEBUG_INFO = INCLUDE_SOURCE;
				MTL_FAST_MATH = YES;
				ONLY_ACTIVE_ARCH = YES;
				SDKROOT = iphoneos;
				SWIFT_ACTIVE_COMPILATION_CONDITIONS = DEBUG;
				SWIFT_OPTIMIZATION_LEVEL = "-Onone";
			};
			name = Debug;
		};
		2D53CD532A4A036200971372 /* Release */ = {
			isa = XCBuildConfiguration;
			buildSettings = {
				ALWAYS_SEARCH_USER_PATHS = NO;
				CLANG_ANALYZER_NONNULL = YES;
				CLANG_ANALYZER_NUMBER_OBJECT_CONVERSION = YES_AGGRESSIVE;
				CLANG_CXX_LANGUAGE_STANDARD = "gnu++20";
				CLANG_ENABLE_MODULES = YES;
				CLANG_ENABLE_OBJC_ARC = YES;
				CLANG_ENABLE_OBJC_WEAK = YES;
				CLANG_WARN_BLOCK_CAPTURE_AUTORELEASING = YES;
				CLANG_WARN_BOOL_CONVERSION = YES;
				CLANG_WARN_COMMA = YES;
				CLANG_WARN_CONSTANT_CONVERSION = YES;
				CLANG_WARN_DEPRECATED_OBJC_IMPLEMENTATIONS = YES;
				CLANG_WARN_DIRECT_OBJC_ISA_USAGE = YES_ERROR;
				CLANG_WARN_DOCUMENTATION_COMMENTS = YES;
				CLANG_WARN_EMPTY_BODY = YES;
				CLANG_WARN_ENUM_CONVERSION = YES;
				CLANG_WARN_INFINITE_RECURSION = YES;
				CLANG_WARN_INT_CONVERSION = YES;
				CLANG_WARN_NON_LITERAL_NULL_CONVERSION = YES;
				CLANG_WARN_OBJC_IMPLICIT_RETAIN_SELF = YES;
				CLANG_WARN_OBJC_LITERAL_CONVERSION = YES;
				CLANG_WARN_OBJC_ROOT_CLASS = YES_ERROR;
				CLANG_WARN_QUOTED_INCLUDE_IN_FRAMEWORK_HEADER = YES;
				CLANG_WARN_RANGE_LOOP_ANALYSIS = YES;
				CLANG_WARN_STRICT_PROTOTYPES = YES;
				CLANG_WARN_SUSPICIOUS_MOVE = YES;
				CLANG_WARN_UNGUARDED_AVAILABILITY = YES_AGGRESSIVE;
				CLANG_WARN_UNREACHABLE_CODE = YES;
				CLANG_WARN__DUPLICATE_METHOD_MATCH = YES;
				COPY_PHASE_STRIP = NO;
				DEBUG_INFORMATION_FORMAT = "dwarf-with-dsym";
				ENABLE_NS_ASSERTIONS = NO;
				ENABLE_STRICT_OBJC_MSGSEND = YES;
				GCC_C_LANGUAGE_STANDARD = gnu11;
				GCC_NO_COMMON_BLOCKS = YES;
				GCC_WARN_64_TO_32_BIT_CONVERSION = YES;
				GCC_WARN_ABOUT_RETURN_TYPE = YES_ERROR;
				GCC_WARN_UNDECLARED_SELECTOR = YES;
				GCC_WARN_UNINITIALIZED_AUTOS = YES_AGGRESSIVE;
				GCC_WARN_UNUSED_FUNCTION = YES;
				GCC_WARN_UNUSED_VARIABLE = YES;
				IPHONEOS_DEPLOYMENT_TARGET = 16.4;
				MTL_ENABLE_DEBUG_INFO = NO;
				MTL_FAST_MATH = YES;
				SDKROOT = iphoneos;
				SWIFT_COMPILATION_MODE = wholemodule;
				SWIFT_OPTIMIZATION_LEVEL = "-O";
				VALIDATE_PRODUCT = YES;
			};
			name = Release;
		};
		2D53CD552A4A036200971372 /* Debug */ = {
			isa = XCBuildConfiguration;
			buildSettings = {
				ASSETCATALOG_COMPILER_APPICON_NAME = AppIcon;
				ASSETCATALOG_COMPILER_GLOBAL_ACCENT_COLOR_NAME = AccentColor;
				CODE_SIGN_STYLE = Automatic;
				CURRENT_PROJECT_VERSION = 1;
				DEVELOPMENT_ASSET_PATHS = "\"ResolutionGamesAssignment/Preview Content\"";
				DEVELOPMENT_TEAM = 5JLEX62WZ5;
				ENABLE_PREVIEWS = YES;
				GENERATE_INFOPLIST_FILE = YES;
				INFOPLIST_KEY_NSCameraUsageDescription = "";
				INFOPLIST_KEY_UIApplicationSupportsIndirectInputEvents = YES;
				INFOPLIST_KEY_UILaunchScreen_Generation = YES;
				INFOPLIST_KEY_UIRequiredDeviceCapabilities = arkit;
				INFOPLIST_KEY_UIStatusBarHidden = YES;
				INFOPLIST_KEY_UISupportedInterfaceOrientations_iPad = "UIInterfaceOrientationPortrait UIInterfaceOrientationPortraitUpsideDown UIInterfaceOrientationLandscapeLeft UIInterfaceOrientationLandscapeRight";
				INFOPLIST_KEY_UISupportedInterfaceOrientations_iPhone = "UIInterfaceOrientationPortrait UIInterfaceOrientationLandscapeLeft UIInterfaceOrientationLandscapeRight";
				IPHONEOS_DEPLOYMENT_TARGET = 16.1;
				LD_RUNPATH_SEARCH_PATHS = (
					"$(inherited)",
					"@executable_path/Frameworks",
				);
				MARKETING_VERSION = 1.0;
				PRODUCT_BUNDLE_IDENTIFIER = com.example.ResolutionGamesAssignment;
				PRODUCT_NAME = "$(TARGET_NAME)";
				SWIFT_EMIT_LOC_STRINGS = YES;
				SWIFT_VERSION = 5.0;
				TARGETED_DEVICE_FAMILY = "1,2";
			};
			name = Debug;
		};
		2D53CD562A4A036200971372 /* Release */ = {
			isa = XCBuildConfiguration;
			buildSettings = {
				ASSETCATALOG_COMPILER_APPICON_NAME = AppIcon;
				ASSETCATALOG_COMPILER_GLOBAL_ACCENT_COLOR_NAME = AccentColor;
				CODE_SIGN_STYLE = Automatic;
				CURRENT_PROJECT_VERSION = 1;
				DEVELOPMENT_ASSET_PATHS = "\"ResolutionGamesAssignment/Preview Content\"";
				DEVELOPMENT_TEAM = 5JLEX62WZ5;
				ENABLE_PREVIEWS = YES;
				GENERATE_INFOPLIST_FILE = YES;
				INFOPLIST_KEY_NSCameraUsageDescription = "";
				INFOPLIST_KEY_UIApplicationSupportsIndirectInputEvents = YES;
				INFOPLIST_KEY_UILaunchScreen_Generation = YES;
				INFOPLIST_KEY_UIRequiredDeviceCapabilities = arkit;
				INFOPLIST_KEY_UIStatusBarHidden = YES;
				INFOPLIST_KEY_UISupportedInterfaceOrientations_iPad = "UIInterfaceOrientationPortrait UIInterfaceOrientationPortraitUpsideDown UIInterfaceOrientationLandscapeLeft UIInterfaceOrientationLandscapeRight";
				INFOPLIST_KEY_UISupportedInterfaceOrientations_iPhone = "UIInterfaceOrientationPortrait UIInterfaceOrientationLandscapeLeft UIInterfaceOrientationLandscapeRight";
				IPHONEOS_DEPLOYMENT_TARGET = 16.1;
				LD_RUNPATH_SEARCH_PATHS = (
					"$(inherited)",
					"@executable_path/Frameworks",
				);
				MARKETING_VERSION = 1.0;
				PRODUCT_BUNDLE_IDENTIFIER = com.example.ResolutionGamesAssignment;
				PRODUCT_NAME = "$(TARGET_NAME)";
				SWIFT_EMIT_LOC_STRINGS = YES;
				SWIFT_VERSION = 5.0;
				TARGETED_DEVICE_FAMILY = "1,2";
			};
			name = Release;
		};
/* End XCBuildConfiguration section */

/* Begin XCConfigurationList section */
		2D53CD3F2A4A036100971372 /* Build configuration list for PBXProject "ResolutionGamesAssignment" */ = {
			isa = XCConfigurationList;
			buildConfigurations = (
				2D53CD522A4A036200971372 /* Debug */,
				2D53CD532A4A036200971372 /* Release */,
			);
			defaultConfigurationIsVisible = 0;
			defaultConfigurationName = Release;
		};
		2D53CD542A4A036200971372 /* Build configuration list for PBXNativeTarget "ResolutionGamesAssignment" */ = {
			isa = XCConfigurationList;
			buildConfigurations = (
				2D53CD552A4A036200971372 /* Debug */,
				2D53CD562A4A036200971372 /* Release */,
			);
			defaultConfigurationIsVisible = 0;
			defaultConfigurationName = Release;
		};
/* End XCConfigurationList section */
	};
	rootObject = 2D53CD3C2A4A036100971372 /* Project object */;
}
